
Microsoft Visual Studio Solution File, Format Version 12.00
# Visual Studio Version 17
VisualStudioVersion = 17.0.31903.59
MinimumVisualStudioVersion = 10.0.40219.1
Project("{FAE04EC0-301F-11D3-BF4B-00C04F79EFBC}") = "TaskTrack.API", "TaskTrack.API\TaskTrack.API.csproj", "{244049A9-AEA8-4C2D-8CF0-B54244FB9ADA}"
EndProject
Project("{FAE04EC0-301F-11D3-BF4B-00C04F79EFBC}") = "TaskTrack.Repo", "TaskTrack.Repo\TaskTrack.Repo.csproj", "{286E1A9E-07B2-4023-AF29-611C0D3862C4}"
EndProject
Project("{FAE04EC0-301F-11D3-BF4B-00C04F79EFBC}") = "TaskTrack.Service", "TaskTrack.Service\TaskTrack.Service.csproj", "{DF8B57C1-4446-4BC8-8BF9-DFFD44C3240C}"
EndProject
Global
	GlobalSection(SolutionConfigurationPlatforms) = preSolution
		Debug|Any CPU = Debug|Any CPU
		Release|Any CPU = Release|Any CPU
	EndGlobalSection
	GlobalSection(SolutionProperties) = preSolution
		HideSolutionNode = FALSE
	EndGlobalSection
	GlobalSection(ProjectConfigurationPlatforms) = postSolution
		{244049A9-AEA8-4C2D-8CF0-B54244FB9ADA}.Debug|Any CPU.ActiveCfg = Debug|Any CPU
		{244049A9-AEA8-4C2D-8CF0-B54244FB9ADA}.Debug|Any CPU.Build.0 = Debug|Any CPU
		{244049A9-AEA8-4C2D-8CF0-B54244FB9ADA}.Release|Any CPU.ActiveCfg = Release|Any CPU
		{244049A9-AEA8-4C2D-8CF0-B54244FB9ADA}.Release|Any CPU.Build.0 = Release|Any CPU
		{286E1A9E-07B2-4023-AF29-611C0D3862C4}.Debug|Any CPU.ActiveCfg = Debug|Any CPU
		{286E1A9E-07B2-4023-AF29-611C0D3862C4}.Debug|Any CPU.Build.0 = Debug|Any CPU
		{286E1A9E-07B2-4023-AF29-611C0D3862C4}.Release|Any CPU.ActiveCfg = Release|Any CPU
		{286E1A9E-07B2-4023-AF29-611C0D3862C4}.Release|Any CPU.Build.0 = Release|Any CPU
		{DF8B57C1-4446-4BC8-8BF9-DFFD44C3240C}.Debug|Any CPU.ActiveCfg = Debug|Any CPU
		{DF8B57C1-4446-4BC8-8BF9-DFFD44C3240C}.Debug|Any CPU.Build.0 = Debug|Any CPU
		{DF8B57C1-4446-4BC8-8BF9-DFFD44C3240C}.Release|Any CPU.ActiveCfg = Release|Any CPU
		{DF8B57C1-4446-4BC8-8BF9-DFFD44C3240C}.Release|Any CPU.Build.0 = Release|Any CPU
	EndGlobalSection
EndGlobal
